
Microsoft Visual Studio Solution File, Format Version 12.00
# Visual Studio 15
VisualStudioVersion = 15.0.26419.1
MinimumVisualStudioVersion = 10.0.40219.1
Project("{FAE04EC0-301F-11D3-BF4B-00C04F79EFBC}") = "SpecFlow.xUnitAdapter.SpecFlowPlugin", "SpecFlow.xUnitAdapter.SpecFlowPlugin\SpecFlow.xUnitAdapter.SpecFlowPlugin.csproj", "{1DD1877B-E008-4383-AE65-69A55264C5BA}"
EndProject
Project("{FAE04EC0-301F-11D3-BF4B-00C04F79EFBC}") = "SpecFlow.xUnitAdapter.TestProject", "tests\SpecFlow.xUnitAdapter.TestProject\SpecFlow.xUnitAdapter.TestProject.csproj", "{23B6FA2E-CFB0-4D32-A40D-D29C8CC8DF45}"
	ProjectSection(ProjectDependencies) = postProject
		{0C35DF24-9662-4061-BAE7-8672E1CFBFB2} = {0C35DF24-9662-4061-BAE7-8672E1CFBFB2}
	EndProjectSection
EndProject
Project("{FAE04EC0-301F-11D3-BF4B-00C04F79EFBC}") = "NuGetPackages", "NuGetPackages\NuGetPackages.csproj", "{B967FFB8-7BF4-4889-99BF-D8B4FA6A0B5A}"
EndProject
Project("{2150E333-8FDC-42A3-9474-1A3956D46DE8}") = "Solution Items", "Solution Items", "{4DBA1825-0282-4C5D-A1DF-764DAA47216D}"
	ProjectSection(SolutionItems) = preProject
		..\.editorconfig = ..\.editorconfig
		..\appveyor.yml = ..\appveyor.yml
		..\LICENSE = ..\LICENSE
		.nuget\nuget.config = .nuget\nuget.config
		..\README.md = ..\README.md
		SpecFlow.xUnitAdapter.2017.ChildProcessDbgSettings = SpecFlow.xUnitAdapter.2017.ChildProcessDbgSettings
	EndProjectSection
EndProject
Project("{FAE04EC0-301F-11D3-BF4B-00C04F79EFBC}") = "SpecFlow.xUnitAdapter.Build", "SpecFlow.xUnitAdapter.Build\SpecFlow.xUnitAdapter.Build.csproj", "{0C35DF24-9662-4061-BAE7-8672E1CFBFB2}"
EndProject
Global
	GlobalSection(SolutionConfigurationPlatforms) = preSolution
		Debug|Any CPU = Debug|Any CPU
		Release|Any CPU = Release|Any CPU
	EndGlobalSection
	GlobalSection(ProjectConfigurationPlatforms) = postSolution
		{1DD1877B-E008-4383-AE65-69A55264C5BA}.Debug|Any CPU.ActiveCfg = Debug|Any CPU
		{1DD1877B-E008-4383-AE65-69A55264C5BA}.Debug|Any CPU.Build.0 = Debug|Any CPU
		{1DD1877B-E008-4383-AE65-69A55264C5BA}.Release|Any CPU.ActiveCfg = Release|Any CPU
		{1DD1877B-E008-4383-AE65-69A55264C5BA}.Release|Any CPU.Build.0 = Release|Any CPU
		{23B6FA2E-CFB0-4D32-A40D-D29C8CC8DF45}.Debug|Any CPU.ActiveCfg = Debug|Any CPU
		{23B6FA2E-CFB0-4D32-A40D-D29C8CC8DF45}.Debug|Any CPU.Build.0 = Debug|Any CPU
		{23B6FA2E-CFB0-4D32-A40D-D29C8CC8DF45}.Release|Any CPU.ActiveCfg = Release|Any CPU
		{23B6FA2E-CFB0-4D32-A40D-D29C8CC8DF45}.Release|Any CPU.Build.0 = Release|Any CPU
		{B967FFB8-7BF4-4889-99BF-D8B4FA6A0B5A}.Debug|Any CPU.ActiveCfg = Debug|Any CPU
		{B967FFB8-7BF4-4889-99BF-D8B4FA6A0B5A}.Debug|Any CPU.Build.0 = Debug|Any CPU
		{B967FFB8-7BF4-4889-99BF-D8B4FA6A0B5A}.Release|Any CPU.ActiveCfg = Release|Any CPU
		{B967FFB8-7BF4-4889-99BF-D8B4FA6A0B5A}.Release|Any CPU.Build.0 = Release|Any CPU
		{0C35DF24-9662-4061-BAE7-8672E1CFBFB2}.Debug|Any CPU.ActiveCfg = Debug|Any CPU
		{0C35DF24-9662-4061-BAE7-8672E1CFBFB2}.Debug|Any CPU.Build.0 = Debug|Any CPU
		{0C35DF24-9662-4061-BAE7-8672E1CFBFB2}.Release|Any CPU.ActiveCfg = Release|Any CPU
		{0C35DF24-9662-4061-BAE7-8672E1CFBFB2}.Release|Any CPU.Build.0 = Release|Any CPU
	EndGlobalSection
	GlobalSection(SolutionProperties) = preSolution
		HideSolutionNode = FALSE
	EndGlobalSection
EndGlobal
