
Microsoft Visual Studio Solution File, Format Version 12.00
# Visual Studio 15
VisualStudioVersion = 15.0.26403.7
MinimumVisualStudioVersion = 10.0.40219.1
Project("{FAE04EC0-301F-11D3-BF4B-00C04F79EFBC}") = "NuGetPackages", "NuGetPackages\NuGetPackages.csproj", "{B967FFB8-7BF4-4889-99BF-D8B4FA6A0B5A}"
EndProject
Project("{2150E333-8FDC-42A3-9474-1A3956D46DE8}") = "Solution Items", "Solution Items", "{4DBA1825-0282-4C5D-A1DF-764DAA47216D}"
	ProjectSection(SolutionItems) = preProject
		..\LICENSE = ..\LICENSE
		nuget.config = nuget.config
		..\README.md = ..\README.md
	EndProjectSection
EndProject
Project("{9A19103F-16F7-4668-BE54-9A1E7A4F7556}") = "SpecFlow.xUnitAdapter.SpecFlowPlugin.Core", "SpecFlow.xUnitAdapter.SpecFlowPlugin\SpecFlow.xUnitAdapter.SpecFlowPlugin.Core.csproj", "{53C7CB4D-42FC-410D-A1B1-43147926E7C0}"
EndProject
Project("{FAE04EC0-301F-11D3-BF4B-00C04F79EFBC}") = "SpecFlow.xUnitAdapter.TestProject.Core", "tests\SpecFlow.xUnitAdapter.TestProject.Core\SpecFlow.xUnitAdapter.TestProject.Core.csproj", "{39F77222-8A8F-4D67-A3A3-A310C2EDFADA}"
EndProject
Global
	GlobalSection(SolutionConfigurationPlatforms) = preSolution
		Debug|Any CPU = Debug|Any CPU
		Release|Any CPU = Release|Any CPU
	EndGlobalSection
	GlobalSection(ProjectConfigurationPlatforms) = postSolution
		{B967FFB8-7BF4-4889-99BF-D8B4FA6A0B5A}.Debug|Any CPU.ActiveCfg = Debug|Any CPU
		{B967FFB8-7BF4-4889-99BF-D8B4FA6A0B5A}.Debug|Any CPU.Build.0 = Debug|Any CPU
		{B967FFB8-7BF4-4889-99BF-D8B4FA6A0B5A}.Release|Any CPU.ActiveCfg = Release|Any CPU
		{B967FFB8-7BF4-4889-99BF-D8B4FA6A0B5A}.Release|Any CPU.Build.0 = Release|Any CPU
		{53C7CB4D-42FC-410D-A1B1-43147926E7C0}.Debug|Any CPU.ActiveCfg = Debug|Any CPU
		{53C7CB4D-42FC-410D-A1B1-43147926E7C0}.Debug|Any CPU.Build.0 = Debug|Any CPU
		{53C7CB4D-42FC-410D-A1B1-43147926E7C0}.Release|Any CPU.ActiveCfg = Release|Any CPU
		{53C7CB4D-42FC-410D-A1B1-43147926E7C0}.Release|Any CPU.Build.0 = Release|Any CPU
		{39F77222-8A8F-4D67-A3A3-A310C2EDFADA}.Debug|Any CPU.ActiveCfg = Debug|Any CPU
		{39F77222-8A8F-4D67-A3A3-A310C2EDFADA}.Debug|Any CPU.Build.0 = Debug|Any CPU
		{39F77222-8A8F-4D67-A3A3-A310C2EDFADA}.Release|Any CPU.ActiveCfg = Release|Any CPU
		{39F77222-8A8F-4D67-A3A3-A310C2EDFADA}.Release|Any CPU.Build.0 = Release|Any CPU
	EndGlobalSection
	GlobalSection(SolutionProperties) = preSolution
		HideSolutionNode = FALSE
	EndGlobalSection
EndGlobal
